{
  "name": "layui_demo",
  "version": "1.0.0",
  "lockfileVersion": 1,
  "requires": true,
  "dependencies": {
    "chart.js": {
      "version": "2.7.3",
      "resolved": "https://registry.npmjs.org/chart.js/-/chart.js-2.7.3.tgz",
      "integrity": "sha512-3+7k/DbR92m6BsMUYP6M0dMsMVZpMnwkUyNSAbqolHKsbIzH2Q4LWVEHHYq7v0fmEV8whXE0DrjANulw9j2K5g==",
      "requires": {
        "chartjs-color": "^2.1.0",
        "moment": "^2.10.2"
      }
    },
    "chartjs-color": {
      "version": "2.2.0",
      "resolved": "https://registry.npmjs.org/chartjs-color/-/chartjs-color-2.2.0.tgz",
      "integrity": "sha1-hKL7dVeH7YXDndbdjHsdiEKbrq4=",
      "requires": {
        "chartjs-color-string": "^0.5.0",
        "color-convert": "^0.5.3"
      }
    },
    "chartjs-color-string": {
      "version": "0.5.0",
      "resolved": "https://registry.npmjs.org/chartjs-color-string/-/chartjs-color-string-0.5.0.tgz",
      "integrity": "sha512-amWNvCOXlOUYxZVDSa0YOab5K/lmEhbFNKI55PWc4mlv28BDzA7zaoQTGxSBgJMHIW+hGX8YUrvw/FH4LyhwSQ==",
      "requires": {
        "color-name": "^1.0.0"
      }
    },
    "color-convert": {
      "version": "0.5.3",
      "resolved": "https://registry.npmjs.org/color-convert/-/color-convert-0.5.3.tgz",
      "integrity": "sha1-vbbGnOZg+t/+CwAHzER+G59ygr0="
    },
    "color-name": {
      "version": "1.1.4",
      "resolved": "https://registry.npmjs.org/color-name/-/color-name-1.1.4.tgz",
      "integrity": "sha512-dOy+3AuW3a2wNbZHIuMZpTcgjGuLU/uBL/ubcZF9OXbDo8ff4O8yVp5Bf0efS8uEoYo5q4Fx7dY9OgQGXgAsQA=="
    },
    "dompurify": {
      "version": "1.0.10",
      "resolved": "https://registry.npmjs.org/dompurify/-/dompurify-1.0.10.tgz",
      "integrity": "sha512-huhl3DSWX5LaA7jDtnj3XQdJgWW1wYouNW7N0drGzQa4vEUSVWyeFN+Atx6HP4r5cang6oQytMom6I4yhGJj5g=="
    },
    "jquery": {
      "version": "3.3.1",
      "resolved": "https://registry.npmjs.org/jquery/-/jquery-3.3.1.tgz",
      "integrity": "sha512-Ubldcmxp5np52/ENotGxlLe6aGMvmF4R8S6tZjsP6Knsaxd/xp3Zrh50cG93lR6nPXyUFwzN3ZSOQI0wRJNdGg=="
    },
    "layui-src": {
      "version": "2.4.5",
      "resolved": "https://registry.npmjs.org/layui-src/-/layui-src-2.4.5.tgz",
      "integrity": "sha512-dPaMlKaq6nip9c8GoJccnVatN39k8I/p3UtqPvMX+TZKsAp6nGpysE7UZb5rvqGpZaL6ESqFqkmrwHj7BijLlA=="
    },
    "moment": {
      "version": "2.24.0",
      "resolved": "https://registry.npmjs.org/moment/-/moment-2.24.0.tgz",
      "integrity": "sha512-bV7f+6l2QigeBBZSM/6yTNq4P2fNpSWj/0e7jQcy87A8e7o2nAfP/34/2ky5Vw4B9S446EtIhodAzkFCcR4dQg=="
    },
    "simditor": {
      "version": "2.3.23",
      "resolved": "https://registry.npmjs.org/simditor/-/simditor-2.3.23.tgz",
      "integrity": "sha512-duGugv2RIJbAtBzoy/+87C/Ij68HNRJJnHpcfR9HH7uXa+2jUYHjKWM8XBDQrNZOZ3x346zWuwgtbyXSgtbG9A==",
      "requires": {
        "dompurify": "^1.0.8",
        "jquery": "^3.3.1",
        "simple-hotkeys": "^1.0.3",
        "simple-module": "^3.0.3",
        "simple-uploader": "^3.0.0"
      }
    },
    "simple-hotkeys": {
      "version": "1.0.3",
      "resolved": "https://registry.npmjs.org/simple-hotkeys/-/simple-hotkeys-1.0.3.tgz",
      "integrity": "sha1-R6W8NTYspzOWEb0JqE+jeBiwu8Y=",
      "requires": {
        "jquery": "2.x",
        "simple-module": "~2.0.5"
      },
      "dependencies": {
        "jquery": {
          "version": "2.2.4",
          "resolved": "https://registry.npmjs.org/jquery/-/jquery-2.2.4.tgz",
          "integrity": "sha1-LInWiJterFIqfuoywUUhVZxsvwI="
        },
        "simple-module": {
          "version": "2.0.6",
          "resolved": "https://registry.npmjs.org/simple-module/-/simple-module-2.0.6.tgz",
          "integrity": "sha1-zsglAyX4x/V19Kp1yRmzg5amA3s=",
          "requires": {
            "jquery": "2.x"
          }
        }
      }
    },
    "simple-module": {
      "version": "3.0.3",
      "resolved": "https://registry.npmjs.org/simple-module/-/simple-module-3.0.3.tgz",
      "integrity": "sha1-rVJ2Z4XSfNlCfuhkWknkEZlyWpI=",
      "requires": {
        "jquery": "^3.0.0"
      }
    },
    "simple-uploader": {
      "version": "3.0.0",
      "resolved": "https://registry.npmjs.org/simple-uploader/-/simple-uploader-3.0.0.tgz",
      "integrity": "sha1-wJ9wbxz8vqH+eA41dZpoOxM21NE=",
      "requires": {
        "jquery": "~3.1.0",
        "simple-module": "~3.0.0"
      },
      "dependencies": {
        "jquery": {
          "version": "3.1.1",
          "resolved": "https://registry.npmjs.org/jquery/-/jquery-3.1.1.tgz",
          "integrity": "sha1-NHwcIcfgBBFeCk2jLOzgQfrTyKM="
        }
      }
    }
  }
}
